
Microsoft Visual Studio Solution File, Format Version 12.00
# Visual Studio Version 17
VisualStudioVersion = 17.1.32228.430
MinimumVisualStudioVersion = 10.0.40219.1
Project("{9A19103F-16F7-4668-BE54-9A1E7A4F7556}") = "CommonLib.Wpf", "CommonLib.Wpf\CommonLib.Wpf.csproj", "{14DB8522-F324-497F-BEB8-28ED30B02657}"
EndProject
Project("{9A19103F-16F7-4668-BE54-9A1E7A4F7556}") = "CommonLib", "..\..\CommonLib\CommonLib\CommonLib\CommonLib.csproj", "{5AB77C49-E194-4FCF-8616-FBAFE639CEDB}"
EndProject
Global
	GlobalSection(SolutionConfigurationPlatforms) = preSolution
		Debug|Any CPU = Debug|Any CPU
		Debug|x64 = Debug|x64
		Debug|x86 = Debug|x86
		Release|Any CPU = Release|Any CPU
		Release|x64 = Release|x64
		Release|x86 = Release|x86
	EndGlobalSection
	GlobalSection(ProjectConfigurationPlatforms) = postSolution
		{14DB8522-F324-497F-BEB8-28ED30B02657}.Debug|Any CPU.ActiveCfg = Debug|Any CPU
		{14DB8522-F324-497F-BEB8-28ED30B02657}.Debug|Any CPU.Build.0 = Debug|Any CPU
		{14DB8522-F324-497F-BEB8-28ED30B02657}.Debug|x64.ActiveCfg = Debug|Any CPU
		{14DB8522-F324-497F-BEB8-28ED30B02657}.Debug|x64.Build.0 = Debug|Any CPU
		{14DB8522-F324-497F-BEB8-28ED30B02657}.Debug|x86.ActiveCfg = Debug|Any CPU
		{14DB8522-F324-497F-BEB8-28ED30B02657}.Debug|x86.Build.0 = Debug|Any CPU
		{14DB8522-F324-497F-BEB8-28ED30B02657}.Release|Any CPU.ActiveCfg = Release|Any CPU
		{14DB8522-F324-497F-BEB8-28ED30B02657}.Release|Any CPU.Build.0 = Release|Any CPU
		{14DB8522-F324-497F-BEB8-28ED30B02657}.Release|x64.ActiveCfg = Release|Any CPU
		{14DB8522-F324-497F-BEB8-28ED30B02657}.Release|x64.Build.0 = Release|Any CPU
		{14DB8522-F324-497F-BEB8-28ED30B02657}.Release|x86.ActiveCfg = Release|Any CPU
		{14DB8522-F324-497F-BEB8-28ED30B02657}.Release|x86.Build.0 = Release|Any CPU
		{5AB77C49-E194-4FCF-8616-FBAFE639CEDB}.Debug|Any CPU.ActiveCfg = Debug|Any CPU
		{5AB77C49-E194-4FCF-8616-FBAFE639CEDB}.Debug|Any CPU.Build.0 = Debug|Any CPU
		{5AB77C49-E194-4FCF-8616-FBAFE639CEDB}.Debug|x64.ActiveCfg = Debug|x64
		{5AB77C49-E194-4FCF-8616-FBAFE639CEDB}.Debug|x64.Build.0 = Debug|x64
		{5AB77C49-E194-4FCF-8616-FBAFE639CEDB}.Debug|x86.ActiveCfg = Debug|x86
		{5AB77C49-E194-4FCF-8616-FBAFE639CEDB}.Debug|x86.Build.0 = Debug|x86
		{5AB77C49-E194-4FCF-8616-FBAFE639CEDB}.Release|Any CPU.ActiveCfg = Release|Any CPU
		{5AB77C49-E194-4FCF-8616-FBAFE639CEDB}.Release|Any CPU.Build.0 = Release|Any CPU
		{5AB77C49-E194-4FCF-8616-FBAFE639CEDB}.Release|x64.ActiveCfg = Release|x64
		{5AB77C49-E194-4FCF-8616-FBAFE639CEDB}.Release|x64.Build.0 = Release|x64
		{5AB77C49-E194-4FCF-8616-FBAFE639CEDB}.Release|x86.ActiveCfg = Release|x86
		{5AB77C49-E194-4FCF-8616-FBAFE639CEDB}.Release|x86.Build.0 = Release|x86
	EndGlobalSection
	GlobalSection(SolutionProperties) = preSolution
		HideSolutionNode = FALSE
	EndGlobalSection
	GlobalSection(ExtensibilityGlobals) = postSolution
		SolutionGuid = {1EECDBB8-63F7-45DE-B9E4-F932315CCAD6}
	EndGlobalSection
EndGlobal
